
Microsoft Visual Studio Solution File, Format Version 12.00
# Visual Studio 14
VisualStudioVersion = 14.0.25420.1
MinimumVisualStudioVersion = 10.0.40219.1
Project("{FAE04EC0-301F-11D3-BF4B-00C04F79EFBC}") = "Infor_Securrty", "Infor_Securrty\Infor_Securrty.csproj", "{C100E407-9957-478B-B859-BF4D987E1779}"
EndProject
Global
	GlobalSection(SolutionConfigurationPlatforms) = preSolution
		Debug|Any CPU = Debug|Any CPU
		Release|Any CPU = Release|Any CPU
	EndGlobalSection
	GlobalSection(ProjectConfigurationPlatforms) = postSolution
		{C100E407-9957-478B-B859-BF4D987E1779}.Debug|Any CPU.ActiveCfg = Debug|Any CPU
		{C100E407-9957-478B-B859-BF4D987E1779}.Debug|Any CPU.Build.0 = Debug|Any CPU
		{C100E407-9957-478B-B859-BF4D987E1779}.Release|Any CPU.ActiveCfg = Release|Any CPU
		{C100E407-9957-478B-B859-BF4D987E1779}.Release|Any CPU.Build.0 = Release|Any CPU
	EndGlobalSection
	GlobalSection(SolutionProperties) = preSolution
		HideSolutionNode = FALSE
	EndGlobalSection
EndGlobal
